
Microsoft Visual Studio Solution File, Format Version 12.00
# Visual Studio 15
VisualStudioVersion = 15.0.28010.2003
MinimumVisualStudioVersion = 10.0.40219.1
Project("{2150E333-8FDC-42A3-9474-1A3956D46DE8}") = "Identity", "Identity", "{90606F70-6442-4A4A-BC20-66DD632A9067}"
	ProjectSection(SolutionItems) = preProject
		Identity\Dockerfile = Identity\Dockerfile
		Identity\manifest.yml = Identity\manifest.yml
	EndProjectSection
EndProject
Project("{2150E333-8FDC-42A3-9474-1A3956D46DE8}") = "Gateway", "Gateway", "{BDEC1493-5CC4-4073-8AEA-3E24CED61A38}"
	ProjectSection(SolutionItems) = preProject
		Gateway\Dockerfile = Gateway\Dockerfile
		Gateway\manifest.yml = Gateway\manifest.yml
	EndProjectSection
EndProject
Project("{9A19103F-16F7-4668-BE54-9A1E7A4F7556}") = "Gateway.Api", "Gateway\Gateway.Api\Gateway.Api.csproj", "{AA46430C-8B2D-4441-91C0-45439C5389B7}"
EndProject
Project("{9A19103F-16F7-4668-BE54-9A1E7A4F7556}") = "Identity.Api", "Identity\Identity.Api\Identity.Api.csproj", "{74FB624C-AD36-4582-AF02-459168AF3E43}"
EndProject
Project("{9A19103F-16F7-4668-BE54-9A1E7A4F7556}") = "Identity.Domain", "Identity\Identity.Domain\Identity.Domain.csproj", "{82732D3E-E92F-4CEC-9435-7A53BCDA0563}"
EndProject
Project("{9A19103F-16F7-4668-BE54-9A1E7A4F7556}") = "Identity.Infrastructure", "Identity\Identity.Infrastructure\Identity.Infrastructure.csproj", "{62AC7700-742B-42AA-9CFF-8A9C869E5C81}"
EndProject
Project("{9A19103F-16F7-4668-BE54-9A1E7A4F7556}") = "Identity.Application", "Identity\Identity.Application\Identity.Application.csproj", "{197EF179-677D-49A6-8A3A-7732952960B9}"
EndProject
Project("{2150E333-8FDC-42A3-9474-1A3956D46DE8}") = "Solution Items", "Solution Items", "{2737EE1A-1D86-45F8-8024-ABE0FA54FD26}"
	ProjectSection(SolutionItems) = preProject
		docker-compose.yml = docker-compose.yml
	EndProjectSection
EndProject
Project("{2150E333-8FDC-42A3-9474-1A3956D46DE8}") = "Cart", "Cart", "{294C4A4A-E460-4961-B59E-6A67EAAFD2C5}"
	ProjectSection(SolutionItems) = preProject
		Cart\Dockerfile = Cart\Dockerfile
		Cart\manifest.yml = Cart\manifest.yml
	EndProjectSection
EndProject
Project("{9A19103F-16F7-4668-BE54-9A1E7A4F7556}") = "Cart.Api", "Cart\Cart.Api\Cart.Api.csproj", "{1AAFB2B5-F2CF-4A43-8D16-6E6910553C99}"
EndProject
Project("{9A19103F-16F7-4668-BE54-9A1E7A4F7556}") = "Cart.Domain", "Cart\Cart.Domain\Cart.Domain.csproj", "{B3ADE303-AE26-46D4-A591-C943A5256EAE}"
EndProject
Project("{9A19103F-16F7-4668-BE54-9A1E7A4F7556}") = "Cart.Infrastructure", "Cart\Cart.Infrastructure\Cart.Infrastructure.csproj", "{51E000EA-D266-4DE4-B816-359F522B843B}"
EndProject
Project("{9A19103F-16F7-4668-BE54-9A1E7A4F7556}") = "Cart.Application", "Cart\Cart.Application\Cart.Application.csproj", "{8B0F91F4-4388-4A51-975C-B2FFFEB3DF32}"
EndProject
Project("{2150E333-8FDC-42A3-9474-1A3956D46DE8}") = "Product", "Product", "{3628801B-6FEE-4903-9523-1EDB5A31F17F}"
EndProject
Project("{FAE04EC0-301F-11D3-BF4B-00C04F79EFBC}") = "Product.Api", "Product\Product.Api\Product.Api.csproj", "{EBE1DEE8-F704-436A-818B-C69B1D918160}"
EndProject
Global
	GlobalSection(SolutionConfigurationPlatforms) = preSolution
		Debug|Any CPU = Debug|Any CPU
		Release|Any CPU = Release|Any CPU
	EndGlobalSection
	GlobalSection(ProjectConfigurationPlatforms) = postSolution
		{AA46430C-8B2D-4441-91C0-45439C5389B7}.Debug|Any CPU.ActiveCfg = Debug|Any CPU
		{AA46430C-8B2D-4441-91C0-45439C5389B7}.Debug|Any CPU.Build.0 = Debug|Any CPU
		{AA46430C-8B2D-4441-91C0-45439C5389B7}.Release|Any CPU.ActiveCfg = Release|Any CPU
		{AA46430C-8B2D-4441-91C0-45439C5389B7}.Release|Any CPU.Build.0 = Release|Any CPU
		{74FB624C-AD36-4582-AF02-459168AF3E43}.Debug|Any CPU.ActiveCfg = Debug|Any CPU
		{74FB624C-AD36-4582-AF02-459168AF3E43}.Debug|Any CPU.Build.0 = Debug|Any CPU
		{74FB624C-AD36-4582-AF02-459168AF3E43}.Release|Any CPU.ActiveCfg = Release|Any CPU
		{74FB624C-AD36-4582-AF02-459168AF3E43}.Release|Any CPU.Build.0 = Release|Any CPU
		{82732D3E-E92F-4CEC-9435-7A53BCDA0563}.Debug|Any CPU.ActiveCfg = Debug|Any CPU
		{82732D3E-E92F-4CEC-9435-7A53BCDA0563}.Debug|Any CPU.Build.0 = Debug|Any CPU
		{82732D3E-E92F-4CEC-9435-7A53BCDA0563}.Release|Any CPU.ActiveCfg = Release|Any CPU
		{82732D3E-E92F-4CEC-9435-7A53BCDA0563}.Release|Any CPU.Build.0 = Release|Any CPU
		{62AC7700-742B-42AA-9CFF-8A9C869E5C81}.Debug|Any CPU.ActiveCfg = Debug|Any CPU
		{62AC7700-742B-42AA-9CFF-8A9C869E5C81}.Debug|Any CPU.Build.0 = Debug|Any CPU
		{62AC7700-742B-42AA-9CFF-8A9C869E5C81}.Release|Any CPU.ActiveCfg = Release|Any CPU
		{62AC7700-742B-42AA-9CFF-8A9C869E5C81}.Release|Any CPU.Build.0 = Release|Any CPU
		{197EF179-677D-49A6-8A3A-7732952960B9}.Debug|Any CPU.ActiveCfg = Debug|Any CPU
		{197EF179-677D-49A6-8A3A-7732952960B9}.Debug|Any CPU.Build.0 = Debug|Any CPU
		{197EF179-677D-49A6-8A3A-7732952960B9}.Release|Any CPU.ActiveCfg = Release|Any CPU
		{197EF179-677D-49A6-8A3A-7732952960B9}.Release|Any CPU.Build.0 = Release|Any CPU
		{1AAFB2B5-F2CF-4A43-8D16-6E6910553C99}.Debug|Any CPU.ActiveCfg = Debug|Any CPU
		{1AAFB2B5-F2CF-4A43-8D16-6E6910553C99}.Debug|Any CPU.Build.0 = Debug|Any CPU
		{1AAFB2B5-F2CF-4A43-8D16-6E6910553C99}.Release|Any CPU.ActiveCfg = Release|Any CPU
		{1AAFB2B5-F2CF-4A43-8D16-6E6910553C99}.Release|Any CPU.Build.0 = Release|Any CPU
		{B3ADE303-AE26-46D4-A591-C943A5256EAE}.Debug|Any CPU.ActiveCfg = Debug|Any CPU
		{B3ADE303-AE26-46D4-A591-C943A5256EAE}.Debug|Any CPU.Build.0 = Debug|Any CPU
		{B3ADE303-AE26-46D4-A591-C943A5256EAE}.Release|Any CPU.ActiveCfg = Release|Any CPU
		{B3ADE303-AE26-46D4-A591-C943A5256EAE}.Release|Any CPU.Build.0 = Release|Any CPU
		{51E000EA-D266-4DE4-B816-359F522B843B}.Debug|Any CPU.ActiveCfg = Debug|Any CPU
		{51E000EA-D266-4DE4-B816-359F522B843B}.Debug|Any CPU.Build.0 = Debug|Any CPU
		{51E000EA-D266-4DE4-B816-359F522B843B}.Release|Any CPU.ActiveCfg = Release|Any CPU
		{51E000EA-D266-4DE4-B816-359F522B843B}.Release|Any CPU.Build.0 = Release|Any CPU
		{8B0F91F4-4388-4A51-975C-B2FFFEB3DF32}.Debug|Any CPU.ActiveCfg = Debug|Any CPU
		{8B0F91F4-4388-4A51-975C-B2FFFEB3DF32}.Debug|Any CPU.Build.0 = Debug|Any CPU
		{8B0F91F4-4388-4A51-975C-B2FFFEB3DF32}.Release|Any CPU.ActiveCfg = Release|Any CPU
		{8B0F91F4-4388-4A51-975C-B2FFFEB3DF32}.Release|Any CPU.Build.0 = Release|Any CPU
		{EBE1DEE8-F704-436A-818B-C69B1D918160}.Debug|Any CPU.ActiveCfg = Debug|Any CPU
		{EBE1DEE8-F704-436A-818B-C69B1D918160}.Debug|Any CPU.Build.0 = Debug|Any CPU
		{EBE1DEE8-F704-436A-818B-C69B1D918160}.Release|Any CPU.ActiveCfg = Release|Any CPU
		{EBE1DEE8-F704-436A-818B-C69B1D918160}.Release|Any CPU.Build.0 = Release|Any CPU
	EndGlobalSection
	GlobalSection(SolutionProperties) = preSolution
		HideSolutionNode = FALSE
	EndGlobalSection
	GlobalSection(NestedProjects) = preSolution
		{AA46430C-8B2D-4441-91C0-45439C5389B7} = {BDEC1493-5CC4-4073-8AEA-3E24CED61A38}
		{74FB624C-AD36-4582-AF02-459168AF3E43} = {90606F70-6442-4A4A-BC20-66DD632A9067}
		{82732D3E-E92F-4CEC-9435-7A53BCDA0563} = {90606F70-6442-4A4A-BC20-66DD632A9067}
		{62AC7700-742B-42AA-9CFF-8A9C869E5C81} = {90606F70-6442-4A4A-BC20-66DD632A9067}
		{197EF179-677D-49A6-8A3A-7732952960B9} = {90606F70-6442-4A4A-BC20-66DD632A9067}
		{1AAFB2B5-F2CF-4A43-8D16-6E6910553C99} = {294C4A4A-E460-4961-B59E-6A67EAAFD2C5}
		{B3ADE303-AE26-46D4-A591-C943A5256EAE} = {294C4A4A-E460-4961-B59E-6A67EAAFD2C5}
		{51E000EA-D266-4DE4-B816-359F522B843B} = {294C4A4A-E460-4961-B59E-6A67EAAFD2C5}
		{8B0F91F4-4388-4A51-975C-B2FFFEB3DF32} = {294C4A4A-E460-4961-B59E-6A67EAAFD2C5}
		{EBE1DEE8-F704-436A-818B-C69B1D918160} = {3628801B-6FEE-4903-9523-1EDB5A31F17F}
	EndGlobalSection
	GlobalSection(ExtensibilityGlobals) = postSolution
		SolutionGuid = {75CF0A98-6B92-4C21-9BC7-A187F5D10AA7}
	EndGlobalSection
EndGlobal
